<?xml version="1.0" encoding="utf-8"?>
<Project ToolsVersion="4.0" xmlns="http://schemas.microsoft.com/developer/msbuild/2003">
  <!-- 솔루션 탐색기 폴더 트리 -->
  <ItemGroup>
    <Filter Include="Private">
      <UniqueIdentifier>{2B4694B5-2B95-4917-8457-69C74C8A74C2}</UniqueIdentifier>
    </Filter>
    <Filter Include="Public">
      <UniqueIdentifier>{0837B3DF-339E-48F7-947F-2B36FF3A0EBB}</UniqueIdentifier>
    </Filter>
    <Filter Include="Public\Engine">
      <UniqueIdentifier>{31789CBE-6DE8-4F4B-B198-2E1EDEA13E0E}</UniqueIdentifier>
    </Filter>
    <Filter Include="Public\Engine\Core">
      <UniqueIdentifier>{70BD43C3-9310-4AA6-8F27-7EF06DAD937A}</UniqueIdentifier>
    </Filter>
    <Filter Include="Public\Engine\Math">
      <UniqueIdentifier>{9C1F5B2A-4D3E-4F6A-8B7C-1E2D3F4A5B6C}</UniqueIdentifier>
    </Filter>
  </ItemGroup>
  <ItemGroup>
    <ClCompile Include="Private\EnginePCH.cpp">
      <Filter>Private</Filter>
    </ClCompile>
  </ItemGroup>
  <ItemGroup>
    <ClInclude Include="Private\EnginePCH.h">
      <Filter>Private</Filter>
    </ClInclude>
    <ClInclude Include="Public\Engine\Core\EngineAPI.h">
      <Filter>Public\Engine\Core</Filter>
    </ClInclude>
    <ClInclude Include="Public\Engine\Math\Vector.h">
      <Filter>Public\Engine\Math</Filter>
    </ClInclude>
    <ClInclude Include="Public\Engine\Math\Rotation.h">
      <Filter>Public\Engine\Math</Filter>
    </ClInclude>
    <ClInclude Include="Public\Engine\Math\Matrix.h">
      <Filter>Public\Engine\Math</Filter>
    </ClInclude>
    <ClInclude Include="Public\Engine\Math\Transform.h">
      <Filter>Public\Engine\Math</Filter>
    </ClInclude>
  </ItemGroup>
</Project>
