<?xml version="1.0" encoding="utf-8"?>
<Project ToolsVersion="4.0" xmlns="http://schemas.microsoft.com/developer/msbuild/2003">
  <!-- 솔루션 탐색기 폴더 트리. 디스크 폴더 구조와 같게 맞춰 둔다. -->
  <ItemGroup>
    <Filter Include="Private">
      <UniqueIdentifier>{2B4694B5-2B95-4917-8457-69C74C8A74C2}</UniqueIdentifier>
    </Filter>
    <Filter Include="Private\Core">
      <UniqueIdentifier>{887E3D74-1BF9-40D1-9F22-BA8FF85C999D}</UniqueIdentifier>
    </Filter>
    <Filter Include="Public">
      <UniqueIdentifier>{0837B3DF-339E-48F7-947F-2B36FF3A0EBB}</UniqueIdentifier>
    </Filter>
    <Filter Include="Public\Engine">
      <UniqueIdentifier>{31789CBE-6DE8-4F4B-B198-2E1EDEA13E0E}</UniqueIdentifier>
    </Filter>
    <Filter Include="Public\Engine\Core">
      <UniqueIdentifier>{70BD43C3-9310-4AA6-8F27-7EF06DAD937A}</UniqueIdentifier>
    </Filter>
  </ItemGroup>
  <ItemGroup>
    <ClCompile Include="Private\Core\EngineModule.cpp">
      <Filter>Private\Core</Filter>
    </ClCompile>
  </ItemGroup>
  <ItemGroup>
    <ClInclude Include="Public\Engine\Core\EngineAPI.h">
      <Filter>Public\Engine\Core</Filter>
    </ClInclude>
    <ClInclude Include="Public\Engine\Core\EngineModule.h">
      <Filter>Public\Engine\Core</Filter>
    </ClInclude>
  </ItemGroup>
</Project>